
Microsoft Visual Studio Solution File, Format Version 12.00
# Visual Studio Version 17
VisualStudioVersion = 17.3.32922.545
MinimumVisualStudioVersion = 10.0.40219.1
Project("{9A19103F-16F7-4668-BE54-9A1E7A4F7556}") = "Orchestra", "Orchestra\Orchestra.csproj", "{284A6B99-BD18-4CA3-8456-F30D8F95C59D}"
EndProject
Project("{FAE04EC0-301F-11D3-BF4B-00C04F79EFBC}") = "OrchestraTest", "OrchestraTest\OrchestraTest.csproj", "{3FBAFF12-38C4-45B2-BB64-A79BDD4A6233}"
EndProject
Global
	GlobalSection(SolutionConfigurationPlatforms) = preSolution
		Debug|Any CPU = Debug|Any CPU
		Release|Any CPU = Release|Any CPU
	EndGlobalSection
	GlobalSection(ProjectConfigurationPlatforms) = postSolution
		{284A6B99-BD18-4CA3-8456-F30D8F95C59D}.Debug|Any CPU.ActiveCfg = Debug|Any CPU
		{284A6B99-BD18-4CA3-8456-F30D8F95C59D}.Debug|Any CPU.Build.0 = Debug|Any CPU
		{284A6B99-BD18-4CA3-8456-F30D8F95C59D}.Release|Any CPU.ActiveCfg = Release|Any CPU
		{284A6B99-BD18-4CA3-8456-F30D8F95C59D}.Release|Any CPU.Build.0 = Release|Any CPU
		{3FBAFF12-38C4-45B2-BB64-A79BDD4A6233}.Debug|Any CPU.ActiveCfg = Debug|Any CPU
		{3FBAFF12-38C4-45B2-BB64-A79BDD4A6233}.Debug|Any CPU.Build.0 = Debug|Any CPU
		{3FBAFF12-38C4-45B2-BB64-A79BDD4A6233}.Release|Any CPU.ActiveCfg = Release|Any CPU
		{3FBAFF12-38C4-45B2-BB64-A79BDD4A6233}.Release|Any CPU.Build.0 = Release|Any CPU
	EndGlobalSection
	GlobalSection(SolutionProperties) = preSolution
		HideSolutionNode = FALSE
	EndGlobalSection
	GlobalSection(ExtensibilityGlobals) = postSolution
		SolutionGuid = {FFA37445-3067-45A1-835D-38618C47EF70}
	EndGlobalSection
EndGlobal
